# This file is @generated by PDM.
# It is not intended for manual editing.

[metadata]
groups = ["default"]
cross_platform = true
static_urls = false
lock_version = "4.3"
content_hash = "sha256:f50a078d609731495f67a97f48d854db222424c3dc590bf905c03a212c8a1c28"

[[package]]
name = "beepy"
version = "1.0.7"
requires_python = ">=3.0"
summary = "Play notification sounds."
dependencies = [
    "simpleaudio",
]
files = [
    {file = "beepy-1.0.7-py3-none-any.whl", hash = "sha256:0e6616ad678fcf334e57c00633676ffef0ce1232127855fb2fc62c91e67ddb06"},
    {file = "beepy-1.0.7.tar.gz", hash = "sha256:817348ff3cc098aca8d1de7bc15292b762fde20fcc0a020fccea7936940d5b5f"},
]

[[package]]
name = "python-dotenv"
version = "1.0.0"
requires_python = ">=3.8"
summary = "Read key-value pairs from a .env file and set them as environment variables"
files = [
    {file = "python-dotenv-1.0.0.tar.gz", hash = "sha256:a8df96034aae6d2d50a4ebe8216326c61c3eb64836776504fcca410e5937a3ba"},
    {file = "python_dotenv-1.0.0-py3-none-any.whl", hash = "sha256:f5971a9226b701070a4bf2c38c89e5a3f0d64de8debda981d1db98583009122a"},
]

[[package]]
name = "simpleaudio"
version = "1.0.4"
summary = "Simple, asynchronous audio playback for Python 3."
files = [
    {file = "simpleaudio-1.0.4.tar.gz", hash = "sha256:691c88649243544db717e7edf6a9831df112104e1aefb5f6038a5d071e8cf41d"},
]
